Microsoft Visual Studio Solution File, Format Version 11.00
# Visual Studio 2008

Project("{FF1E3D97-3D10-B142-35DD-50B5514EBFBA}") = "CrazyNight", "Assembly-CSharp.csproj", "{6DAAFD5B-AF55-6481-7F1E-001D8A8873D2}"
EndProject
Global
	GlobalSection(SolutionConfigurationPlatforms) = preSolution
		Debug|Any CPU = Debug|Any CPU
		Release|Any CPU = Release|Any CPU
	EndGlobalSection
	GlobalSection(ProjectConfigurationPlatforms) = postSolution
		{6DAAFD5B-AF55-6481-7F1E-001D8A8873D2}.Debug|Any CPU.ActiveCfg = Debug|Any CPU
		{6DAAFD5B-AF55-6481-7F1E-001D8A8873D2}.Debug|Any CPU.Build.0 = Debug|Any CPU
		{6DAAFD5B-AF55-6481-7F1E-001D8A8873D2}.Release|Any CPU.ActiveCfg = Release|Any CPU
		{6DAAFD5B-AF55-6481-7F1E-001D8A8873D2}.Release|Any CPU.Build.0 = Release|Any CPU
	EndGlobalSection
	GlobalSection(SolutionProperties) = preSolution
		HideSolutionNode = FALSE
	EndGlobalSection
	GlobalSection(MonoDevelopProperties) = preSolution
		StartupItem = Assembly-CSharp.csproj
	EndGlobalSection
EndGlobal
